
Microsoft Visual Studio Solution File, Format Version 12.00
# Visual Studio Version 17
VisualStudioVersion = 17.2.32526.322
MinimumVisualStudioVersion = 10.0.40219.1
Project("{FAE04EC0-301F-11D3-BF4B-00C04F79EFBC}") = "RedArborKata", "RedArborKata\RedArborKata.csproj", "{1CAA807A-EC06-4E77-95C5-C3D12CCA7379}"
EndProject
Project("{FAE04EC0-301F-11D3-BF4B-00C04F79EFBC}") = "GherkinTests", "GherkinTests\GherkinTests.csproj", "{D620B6B8-8760-41ED-9D63-483A5D1CA94E}"
EndProject
Global
	GlobalSection(SolutionConfigurationPlatforms) = preSolution
		Debug|Any CPU = Debug|Any CPU
		Release|Any CPU = Release|Any CPU
	EndGlobalSection
	GlobalSection(ProjectConfigurationPlatforms) = postSolution
		{1CAA807A-EC06-4E77-95C5-C3D12CCA7379}.Debug|Any CPU.ActiveCfg = Debug|Any CPU
		{1CAA807A-EC06-4E77-95C5-C3D12CCA7379}.Debug|Any CPU.Build.0 = Debug|Any CPU
		{1CAA807A-EC06-4E77-95C5-C3D12CCA7379}.Release|Any CPU.ActiveCfg = Release|Any CPU
		{1CAA807A-EC06-4E77-95C5-C3D12CCA7379}.Release|Any CPU.Build.0 = Release|Any CPU
		{D620B6B8-8760-41ED-9D63-483A5D1CA94E}.Debug|Any CPU.ActiveCfg = Debug|Any CPU
		{D620B6B8-8760-41ED-9D63-483A5D1CA94E}.Debug|Any CPU.Build.0 = Debug|Any CPU
		{D620B6B8-8760-41ED-9D63-483A5D1CA94E}.Release|Any CPU.ActiveCfg = Release|Any CPU
		{D620B6B8-8760-41ED-9D63-483A5D1CA94E}.Release|Any CPU.Build.0 = Release|Any CPU
	EndGlobalSection
	GlobalSection(SolutionProperties) = preSolution
		HideSolutionNode = FALSE
	EndGlobalSection
	GlobalSection(ExtensibilityGlobals) = postSolution
		SolutionGuid = {CB4171C7-5391-4098-BCC9-8E2953CC2530}
	EndGlobalSection
EndGlobal
